{
  "name": "example",
  "version": "1.0.0",
  "lockfileVersion": 2,
  "requires": true,
  "packages": {
    "": {
      "dependencies": {
        "lodash-es": "^4.17.21",
        "yaffu": "^1.0.5"
      }
    },
    "node_modules/lodash-es": {
      "version": "4.17.21",
      "resolved": "https://registry.npmjs.org/lodash-es/-/lodash-es-4.17.21.tgz",
      "integrity": "sha512-mKnC+QJ9pWVzv+C4/U3rRsHapFfHvQFoFB92e52xeyGMcX6/OlIl78je1u8vePzYZSkkogMPJ2yjxxsb89cxyw=="
    },
    "node_modules/yaffu": {
      "version": "1.0.5",
      "resolved": "https://registry.npmjs.org/yaffu/-/yaffu-1.0.5.tgz",
      "integrity": "sha512-uXnr3x0tPG91LTLJOCIC3mBtWEXHnw30ut5a/2tm4EDPne6fm3zCyLSPndQMYeuMmao1bIhU3Odbzti7oPFXJg=="
    }
  },
  "dependencies": {
    "lodash-es": {
      "version": "4.17.21",
      "resolved": "https://registry.npmjs.org/lodash-es/-/lodash-es-4.17.21.tgz",
      "integrity": "sha512-mKnC+QJ9pWVzv+C4/U3rRsHapFfHvQFoFB92e52xeyGMcX6/OlIl78je1u8vePzYZSkkogMPJ2yjxxsb89cxyw=="
    },
    "yaffu": {
      "version": "1.0.5",
      "resolved": "https://registry.npmjs.org/yaffu/-/yaffu-1.0.5.tgz",
      "integrity": "sha512-uXnr3x0tPG91LTLJOCIC3mBtWEXHnw30ut5a/2tm4EDPne6fm3zCyLSPndQMYeuMmao1bIhU3Odbzti7oPFXJg=="
    }
  }
}
