{
  "name": "example",
  "version": "1.0.0",
  "lockfileVersion": 2,
  "requires": true,
  "packages": {
    "": {
      "dependencies": {
        "lodash-es": "^4.17.21",
        "yaffu": "^1.2.1"
      }
    },
    "node_modules/lodash-es": {
      "version": "4.17.21",
      "resolved": "https://registry.npmjs.org/lodash-es/-/lodash-es-4.17.21.tgz",
      "integrity": "sha512-mKnC+QJ9pWVzv+C4/U3rRsHapFfHvQFoFB92e52xeyGMcX6/OlIl78je1u8vePzYZSkkogMPJ2yjxxsb89cxyw=="
    },
    "node_modules/yaffu": {
      "version": "1.2.1",
      "resolved": "https://registry.npmjs.org/yaffu/-/yaffu-1.2.1.tgz",
      "integrity": "sha512-cJfqvnmlfBeP3+0W/df05rspsfLDn3bg+XRI1FeuBkYjqGgQdQ0MPJChN1YFY0m2kP+A3yGayEV752oNpyVCQA=="
    }
  },
  "dependencies": {
    "lodash-es": {
      "version": "4.17.21",
      "resolved": "https://registry.npmjs.org/lodash-es/-/lodash-es-4.17.21.tgz",
      "integrity": "sha512-mKnC+QJ9pWVzv+C4/U3rRsHapFfHvQFoFB92e52xeyGMcX6/OlIl78je1u8vePzYZSkkogMPJ2yjxxsb89cxyw=="
    },
    "yaffu": {
      "version": "1.2.1",
      "resolved": "https://registry.npmjs.org/yaffu/-/yaffu-1.2.1.tgz",
      "integrity": "sha512-cJfqvnmlfBeP3+0W/df05rspsfLDn3bg+XRI1FeuBkYjqGgQdQ0MPJChN1YFY0m2kP+A3yGayEV752oNpyVCQA=="
    }
  }
}
