{
  "name": "example",
  "version": "1.0.0",
  "lockfileVersion": 2,
  "requires": true,
  "packages": {
    "": {
      "dependencies": {
        "lodash-es": "^4.17.21",
        "yaffu": "^1.0.4"
      }
    },
    "node_modules/lodash-es": {
      "version": "4.17.21",
      "resolved": "https://registry.npmjs.org/lodash-es/-/lodash-es-4.17.21.tgz",
      "integrity": "sha512-mKnC+QJ9pWVzv+C4/U3rRsHapFfHvQFoFB92e52xeyGMcX6/OlIl78je1u8vePzYZSkkogMPJ2yjxxsb89cxyw=="
    },
    "node_modules/yaffu": {
      "version": "1.0.4",
      "resolved": "https://registry.npmjs.org/yaffu/-/yaffu-1.0.4.tgz",
      "integrity": "sha512-LRbcnqx3zt/PuKZYiWUImIaCcPUv601h9Zf/6WRPxAUx6FkXfBncmkgbVrPgiAW/ecQikMzmktbPUs197ExQ0Q==",
      "dependencies": {
        "lodash-es": "^4.17.21"
      }
    }
  },
  "dependencies": {
    "lodash-es": {
      "version": "4.17.21",
      "resolved": "https://registry.npmjs.org/lodash-es/-/lodash-es-4.17.21.tgz",
      "integrity": "sha512-mKnC+QJ9pWVzv+C4/U3rRsHapFfHvQFoFB92e52xeyGMcX6/OlIl78je1u8vePzYZSkkogMPJ2yjxxsb89cxyw=="
    },
    "yaffu": {
      "version": "1.0.4",
      "resolved": "https://registry.npmjs.org/yaffu/-/yaffu-1.0.4.tgz",
      "integrity": "sha512-LRbcnqx3zt/PuKZYiWUImIaCcPUv601h9Zf/6WRPxAUx6FkXfBncmkgbVrPgiAW/ecQikMzmktbPUs197ExQ0Q==",
      "requires": {
        "lodash-es": "^4.17.21"
      }
    }
  }
}
